
Microsoft Visual Studio Solution File, Format Version 12.00
# Visual Studio Version 16
VisualStudioVersion = 16.0.31605.320
MinimumVisualStudioVersion = 10.0.40219.1
Project("{9A19103F-16F7-4668-BE54-9A1E7A4F7556}") = "Wasm", "Wasm\Wasm.csproj", "{E8184F0D-A000-4B61-9261-C007A5DE0EDB}"
EndProject
Project("{9A19103F-16F7-4668-BE54-9A1E7A4F7556}") = "Api", "Api\Api.csproj", "{C3BCF682-758E-4231-9836-8C25D592679F}"
EndProject
Project("{FAE04EC0-301F-11D3-BF4B-00C04F79EFBC}") = "ConsoleConnectToApi", "ConsoleConnectToApi\ConsoleConnectToApi.csproj", "{765ACD38-BD4E-4C03-99C7-0A23E77DE20E}"
EndProject
Global
	GlobalSection(SolutionConfigurationPlatforms) = preSolution
		Debug|Any CPU = Debug|Any CPU
		Release|Any CPU = Release|Any CPU
	EndGlobalSection
	GlobalSection(ProjectConfigurationPlatforms) = postSolution
		{E8184F0D-A000-4B61-9261-C007A5DE0EDB}.Debug|Any CPU.ActiveCfg = Debug|Any CPU
		{E8184F0D-A000-4B61-9261-C007A5DE0EDB}.Debug|Any CPU.Build.0 = Debug|Any CPU
		{E8184F0D-A000-4B61-9261-C007A5DE0EDB}.Release|Any CPU.ActiveCfg = Release|Any CPU
		{E8184F0D-A000-4B61-9261-C007A5DE0EDB}.Release|Any CPU.Build.0 = Release|Any CPU
		{C3BCF682-758E-4231-9836-8C25D592679F}.Debug|Any CPU.ActiveCfg = Debug|Any CPU
		{C3BCF682-758E-4231-9836-8C25D592679F}.Debug|Any CPU.Build.0 = Debug|Any CPU
		{C3BCF682-758E-4231-9836-8C25D592679F}.Release|Any CPU.ActiveCfg = Release|Any CPU
		{C3BCF682-758E-4231-9836-8C25D592679F}.Release|Any CPU.Build.0 = Release|Any CPU
		{765ACD38-BD4E-4C03-99C7-0A23E77DE20E}.Debug|Any CPU.ActiveCfg = Debug|Any CPU
		{765ACD38-BD4E-4C03-99C7-0A23E77DE20E}.Debug|Any CPU.Build.0 = Debug|Any CPU
		{765ACD38-BD4E-4C03-99C7-0A23E77DE20E}.Release|Any CPU.ActiveCfg = Release|Any CPU
		{765ACD38-BD4E-4C03-99C7-0A23E77DE20E}.Release|Any CPU.Build.0 = Release|Any CPU
	EndGlobalSection
	GlobalSection(SolutionProperties) = preSolution
		HideSolutionNode = FALSE
	EndGlobalSection
	GlobalSection(ExtensibilityGlobals) = postSolution
		SolutionGuid = {A0C4DD18-B011-45BB-8474-30C02CBB8365}
	EndGlobalSection
EndGlobal
